
Microsoft Visual Studio Solution File, Format Version 12.00
# Visual Studio Version 17
VisualStudioVersion = 17.5.33627.172
MinimumVisualStudioVersion = 10.0.40219.1
Project("{FAE04EC0-301F-11D3-BF4B-00C04F79EFBC}") = "DAL", "DAL\DAL.csproj", "{6A98FC52-C80B-4D9F-912A-5B4B8244BA8F}"
EndProject
Project("{FAE04EC0-301F-11D3-BF4B-00C04F79EFBC}") = "BUS", "BUS\BUS.csproj", "{E7F56CEA-B3E4-49B8-94CD-79C33540A806}"
EndProject
Project("{FAE04EC0-301F-11D3-BF4B-00C04F79EFBC}") = "PRL", "PRL\PRL.csproj", "{05A8FBF0-E5A0-451D-9148-6B051A6A479A}"
EndProject
Global
	GlobalSection(SolutionConfigurationPlatforms) = preSolution
		Debug|Any CPU = Debug|Any CPU
		Release|Any CPU = Release|Any CPU
	EndGlobalSection
	GlobalSection(ProjectConfigurationPlatforms) = postSolution
		{6A98FC52-C80B-4D9F-912A-5B4B8244BA8F}.Debug|Any CPU.ActiveCfg = Debug|Any CPU
		{6A98FC52-C80B-4D9F-912A-5B4B8244BA8F}.Debug|Any CPU.Build.0 = Debug|Any CPU
		{6A98FC52-C80B-4D9F-912A-5B4B8244BA8F}.Release|Any CPU.ActiveCfg = Release|Any CPU
		{6A98FC52-C80B-4D9F-912A-5B4B8244BA8F}.Release|Any CPU.Build.0 = Release|Any CPU
		{E7F56CEA-B3E4-49B8-94CD-79C33540A806}.Debug|Any CPU.ActiveCfg = Debug|Any CPU
		{E7F56CEA-B3E4-49B8-94CD-79C33540A806}.Debug|Any CPU.Build.0 = Debug|Any CPU
		{E7F56CEA-B3E4-49B8-94CD-79C33540A806}.Release|Any CPU.ActiveCfg = Release|Any CPU
		{E7F56CEA-B3E4-49B8-94CD-79C33540A806}.Release|Any CPU.Build.0 = Release|Any CPU
		{05A8FBF0-E5A0-451D-9148-6B051A6A479A}.Debug|Any CPU.ActiveCfg = Debug|Any CPU
		{05A8FBF0-E5A0-451D-9148-6B051A6A479A}.Debug|Any CPU.Build.0 = Debug|Any CPU
		{05A8FBF0-E5A0-451D-9148-6B051A6A479A}.Release|Any CPU.ActiveCfg = Release|Any CPU
		{05A8FBF0-E5A0-451D-9148-6B051A6A479A}.Release|Any CPU.Build.0 = Release|Any CPU
	EndGlobalSection
	GlobalSection(SolutionProperties) = preSolution
		HideSolutionNode = FALSE
	EndGlobalSection
	GlobalSection(ExtensibilityGlobals) = postSolution
		SolutionGuid = {4CF833E1-C3E4-490B-BDD4-43BF3507214C}
	EndGlobalSection
EndGlobal
